{
  "originHash" : "ce79c306223638dd0b886324f102f23993f7b4f9515f2ff8a4de7ad8ddc7ade2",
  "pins" : [
    {
      "identity" : "swiftj2k",
      "kind" : "remoteSourceControl",
      "location" : "https://github.com/raster-labs/SwiftJ2K.git",
      "state" : {
        "revision" : "be4e7a3ad352759e7a78a90f6a2e2c3b7aa0f748"
      }
    }
  ],
  "version" : 3
}
