{
  "originHash" : "6f5508aa5c1f9a203c34189fe51b433bf6b82e59c6d319cbf3a70ba4c0fd9558",
  "pins" : [
    {
      "identity" : "swiftjli",
      "kind" : "remoteSourceControl",
      "location" : "https://github.com/raster-labs/SwiftJLI.git",
      "state" : {
        "revision" : "197b20913473855d8828a82a50891ce6f2fae504"
      }
    }
  ],
  "version" : 3
}
