{
  "originHash" : "5d715f12653eee04c615d3a81bcf511b972ee054203aaecf16d8a10d6982d7d2",
  "pins" : [
    {
      "identity" : "swiftjli",
      "kind" : "remoteSourceControl",
      "location" : "https://github.com/raster-labs/SwiftJLI.git",
      "state" : {
        "revision" : "7d85c34af5d70ae931eeb0bd87b79099f0bb774b"
      }
    }
  ],
  "version" : 3
}
