{
  "originHash" : "8e12274e41f2eef08d9b6e4882a3bbbfcc553bbe9f7dc9d7ff9cef2635b99db0",
  "pins" : [
    {
      "identity" : "jliswift",
      "kind" : "remoteSourceControl",
      "location" : "https://github.com/raster-labs/JLISwift.git",
      "state" : {
        "revision" : "0a4ded0b0b2e8e38127f4f302b286e74ee352474"
      }
    }
  ],
  "version" : 3
}
